// !$*UTF8*$!
{
	archiveVersion = 1;
	classes = {
	};
	objectVersion = 50;
	objects = {

/* Begin PBXBuildFile section */
		48F9473126301E1300CE6492 /* AppDelegate.swift in Sources */ = {isa = PBXBuildFile; fileRef = 48F9473026301E1300CE6492 /* AppDelegate.swift */; };
		48F9473326301E1300CE6492 /* SceneDelegate.swift in Sources */ = {isa = PBXBuildFile; fileRef = 48F9473226301E1300CE6492 /* SceneDelegate.swift */; };
		48F9473526301E1300CE6492 /* ViewController.swift in Sources */ = {isa = PBXBuildFile; fileRef = 48F9473426301E1300CE6492 /* ViewController.swift */; };
		48F9473826301E1300CE6492 /* Main.storyboard in Resources */ = {isa = PBXBuildFile; fileRef = 48F9473626301E1300CE6492 /* Main.storyboard */; };
		48F9473B26301E1300CE6492 /* NasaData.xcdatamodeld in Sources */ = {isa = PBXBuildFile; fileRef = 48F9473926301E1300CE6492 /* NasaData.xcdatamodeld */; };
		48F9473D26301E1500CE6492 /* Assets.xcassets in Resources */ = {isa = PBXBuildFile; fileRef = 48F9473C26301E1500CE6492 /* Assets.xcassets */; };
		48F9474026301E1500CE6492 /* LaunchScreen.storyboard in Resources */ = {isa = PBXBuildFile; fileRef = 48F9473E26301E1500CE6492 /* LaunchScreen.storyboard */; };
		48F9474C2630224B00CE6492 /* NasaDataCollectionViewController.swift in Sources */ = {isa = PBXBuildFile; fileRef = 48F9474B2630224B00CE6492 /* NasaDataCollectionViewController.swift */; };
		48F94750263022A600CE6492 /* NasaDataCollectionViewCell.swift in Sources */ = {isa = PBXBuildFile; fileRef = 48F9474F263022A600CE6492 /* NasaDataCollectionViewCell.swift */; };
		48F9475326305F1100CE6492 /* NasaData.swift in Sources */ = {isa = PBXBuildFile; fileRef = 48F9475226305F1100CE6492 /* NasaData.swift */; };
		48F94756263267D500CE6492 /* DetailViewController.swift in Sources */ = {isa = PBXBuildFile; fileRef = 48F94755263267D500CE6492 /* DetailViewController.swift */; };
		48F94759263267E300CE6492 /* DetailTableViewCell.swift in Sources */ = {isa = PBXBuildFile; fileRef = 48F94758263267E300CE6492 /* DetailTableViewCell.swift */; };
		48F9475C26326AA500CE6492 /* DetailTextTableViewCell.swift in Sources */ = {isa = PBXBuildFile; fileRef = 48F9475B26326AA500CE6492 /* DetailTextTableViewCell.swift */; };
		48F947602638071400CE6492 /* NetworkController.swift in Sources */ = {isa = PBXBuildFile; fileRef = 48F9475F2638071400CE6492 /* NetworkController.swift */; };
/* End PBXBuildFile section */

/* Begin PBXFileReference section */
		48F9472D26301E1300CE6492 /* NasaData.app */ = {isa = PBXFileReference; explicitFileType = wrapper.application; includeInIndex = 0; path = NasaData.app; sourceTree = BUILT_PRODUCTS_DIR; };
		48F9473026301E1300CE6492 /* AppDelegate.swift */ = {isa = PBXFileReference; lastKnownFileType = sourcecode.swift; path = AppDelegate.swift; sourceTree = "<group>"; };
		48F9473226301E1300CE6492 /* SceneDelegate.swift */ = {isa = PBXFileReference; lastKnownFileType = sourcecode.swift; path = SceneDelegate.swift; sourceTree = "<group>"; };
		48F9473426301E1300CE6492 /* ViewController.swift */ = {isa = PBXFileReference; lastKnownFileType = sourcecode.swift; path = ViewController.swift; sourceTree = "<group>"; };
		48F9473726301E1300CE6492 /* Base */ = {isa = PBXFileReference; lastKnownFileType = file.storyboard; name = Base; path = Base.lproj/Main.storyboard; sourceTree = "<group>"; };
		48F9473A26301E1300CE6492 /* NasaData.xcdatamodel */ = {isa = PBXFileReference; lastKnownFileType = wrapper.xcdatamodel; path = NasaData.xcdatamodel; sourceTree = "<group>"; };
		48F9473C26301E1500CE6492 /* Assets.xcassets */ = {isa = PBXFileReference; lastKnownFileType = folder.assetcatalog; path = Assets.xcassets; sourceTree = "<group>"; };
		48F9473F26301E1500CE6492 /* Base */ = {isa = PBXFileReference; lastKnownFileType = file.storyboard; name = Base; path = Base.lproj/LaunchScreen.storyboard; sourceTree = "<group>"; };
		48F9474126301E1500CE6492 /* Info.plist */ = {isa = PBXFileReference; lastKnownFileType = text.plist.xml; path = Info.plist; sourceTree = "<group>"; };
		48F9474B2630224B00CE6492 /* NasaDataCollectionViewController.swift */ = {isa = PBXFileReference; lastKnownFileType = sourcecode.swift; path = NasaDataCollectionViewController.swift; sourceTree = "<group>"; };
		48F9474F263022A600CE6492 /* NasaDataCollectionViewCell.swift */ = {isa = PBXFileReference; lastKnownFileType = sourcecode.swift; path = NasaDataCollectionViewCell.swift; sourceTree = "<group>"; };
		48F9475226305F1100CE6492 /* NasaData.swift */ = {isa = PBXFileReference; lastKnownFileType = sourcecode.swift; path = NasaData.swift; sourceTree = "<group>"; };
		48F94755263267D500CE6492 /* DetailViewController.swift */ = {isa = PBXFileReference; lastKnownFileType = sourcecode.swift; path = DetailViewController.swift; sourceTree = "<group>"; };
		48F94758263267E300CE6492 /* DetailTableViewCell.swift */ = {isa = PBXFileReference; lastKnownFileType = sourcecode.swift; path = DetailTableViewCell.swift; sourceTree = "<group>"; };
		48F9475B26326AA500CE6492 /* DetailTextTableViewCell.swift */ = {isa = PBXFileReference; lastKnownFileType = sourcecode.swift; path = DetailTextTableViewCell.swift; sourceTree = "<group>"; };
		48F9475F2638071400CE6492 /* NetworkController.swift */ = {isa = PBXFileReference; lastKnownFileType = sourcecode.swift; path = NetworkController.swift; sourceTree = "<group>"; };
/* End PBXFileReference section */

/* Begin PBXFrameworksBuildPhase section */
		48F9472A26301E1300CE6492 /* Frameworks */ = {
			isa = PBXFrameworksBuildPhase;
			buildActionMask = 2147483647;
			files = (
			);
			runOnlyForDeploymentPostprocessing = 0;
		};
/* End PBXFrameworksBuildPhase section */

/* Begin PBXGroup section */
		48F9472426301E1300CE6492 = {
			isa = PBXGroup;
			children = (
				48F9472F26301E1300CE6492 /* NasaData */,
				48F9472E26301E1300CE6492 /* Products */,
			);
			sourceTree = "<group>";
		};
		48F9472E26301E1300CE6492 /* Products */ = {
			isa = PBXGroup;
			children = (
				48F9472D26301E1300CE6492 /* NasaData.app */,
			);
			name = Products;
			sourceTree = "<group>";
		};
		48F9472F26301E1300CE6492 /* NasaData */ = {
			isa = PBXGroup;
			children = (
				48F9474A263021FF00CE6492 /* Controller */,
				48F94749263021FA00CE6492 /* View */,
				48F94748263021F600CE6492 /* Model */,
				48F9473026301E1300CE6492 /* AppDelegate.swift */,
				48F9473226301E1300CE6492 /* SceneDelegate.swift */,
				48F9473626301E1300CE6492 /* Main.storyboard */,
				48F9473C26301E1500CE6492 /* Assets.xcassets */,
				48F9473E26301E1500CE6492 /* LaunchScreen.storyboard */,
				48F9474126301E1500CE6492 /* Info.plist */,
				48F9473926301E1300CE6492 /* NasaData.xcdatamodeld */,
			);
			path = NasaData;
			sourceTree = "<group>";
		};
		48F94748263021F600CE6492 /* Model */ = {
			isa = PBXGroup;
			children = (
				48F9475226305F1100CE6492 /* NasaData.swift */,
			);
			path = Model;
			sourceTree = "<group>";
		};
		48F94749263021FA00CE6492 /* View */ = {
			isa = PBXGroup;
			children = (
				48F9474F263022A600CE6492 /* NasaDataCollectionViewCell.swift */,
				48F94758263267E300CE6492 /* DetailTableViewCell.swift */,
				48F9475B26326AA500CE6492 /* DetailTextTableViewCell.swift */,
			);
			path = View;
			sourceTree = "<group>";
		};
		48F9474A263021FF00CE6492 /* Controller */ = {
			isa = PBXGroup;
			children = (
				48F9473426301E1300CE6492 /* ViewController.swift */,
				48F9474B2630224B00CE6492 /* NasaDataCollectionViewController.swift */,
				48F94755263267D500CE6492 /* DetailViewController.swift */,
				48F9475F2638071400CE6492 /* NetworkController.swift */,
			);
			path = Controller;
			sourceTree = "<group>";
		};
/* End PBXGroup section */

/* Begin PBXNativeTarget section */
		48F9472C26301E1300CE6492 /* NasaData */ = {
			isa = PBXNativeTarget;
			buildConfigurationList = 48F9474426301E1500CE6492 /* Build configuration list for PBXNativeTarget "NasaData" */;
			buildPhases = (
				48F9472926301E1300CE6492 /* Sources */,
				48F9472A26301E1300CE6492 /* Frameworks */,
				48F9472B26301E1300CE6492 /* Resources */,
			);
			buildRules = (
			);
			dependencies = (
			);
			name = NasaData;
			productName = NasaData;
			productReference = 48F9472D26301E1300CE6492 /* NasaData.app */;
			productType = "com.apple.product-type.application";
		};
/* End PBXNativeTarget section */

/* Begin PBXProject section */
		48F9472526301E1300CE6492 /* Project object */ = {
			isa = PBXProject;
			attributes = {
				LastSwiftUpdateCheck = 1240;
				LastUpgradeCheck = 1240;
				TargetAttributes = {
					48F9472C26301E1300CE6492 = {
						CreatedOnToolsVersion = 12.4;
					};
				};
			};
			buildConfigurationList = 48F9472826301E1300CE6492 /* Build configuration list for PBXProject "NasaData" */;
			compatibilityVersion = "Xcode 9.3";
			developmentRegion = en;
			hasScannedForEncodings = 0;
			knownRegions = (
				en,
				Base,
			);
			mainGroup = 48F9472426301E1300CE6492;
			productRefGroup = 48F9472E26301E1300CE6492 /* Products */;
			projectDirPath = "";
			projectRoot = "";
			targets = (
				48F9472C26301E1300CE6492 /* NasaData */,
			);
		};
/* End PBXProject section */

/* Begin PBXResourcesBuildPhase section */
		48F9472B26301E1300CE6492 /* Resources */ = {
			isa = PBXResourcesBuildPhase;
			buildActionMask = 2147483647;
			files = (
				48F9474026301E1500CE6492 /* LaunchScreen.storyboard in Resources */,
				48F9473D26301E1500CE6492 /* Assets.xcassets in Resources */,
				48F9473826301E1300CE6492 /* Main.storyboard in Resources */,
			);
			runOnlyForDeploymentPostprocessing = 0;
		};
/* End PBXResourcesBuildPhase section */

/* Begin PBXSourcesBuildPhase section */
		48F9472926301E1300CE6492 /* Sources */ = {
			isa = PBXSourcesBuildPhase;
			buildActionMask = 2147483647;
			files = (
				48F947602638071400CE6492 /* NetworkController.swift in Sources */,
				48F94759263267E300CE6492 /* DetailTableViewCell.swift in Sources */,
				48F94750263022A600CE6492 /* NasaDataCollectionViewCell.swift in Sources */,
				48F9473526301E1300CE6492 /* ViewController.swift in Sources */,
				48F9475326305F1100CE6492 /* NasaData.swift in Sources */,
				48F9473126301E1300CE6492 /* AppDelegate.swift in Sources */,
				48F9474C2630224B00CE6492 /* NasaDataCollectionViewController.swift in Sources */,
				48F9473B26301E1300CE6492 /* NasaData.xcdatamodeld in Sources */,
				48F9473326301E1300CE6492 /* SceneDelegate.swift in Sources */,
				48F94756263267D500CE6492 /* DetailViewController.swift in Sources */,
				48F9475C26326AA500CE6492 /* DetailTextTableViewCell.swift in Sources */,
			);
			runOnlyForDeploymentPostprocessing = 0;
		};
/* End PBXSourcesBuildPhase section */

/* Begin PBXVariantGroup section */
		48F9473626301E1300CE6492 /* Main.storyboard */ = {
			isa = PBXVariantGroup;
			children = (
				48F9473726301E1300CE6492 /* Base */,
			);
			name = Main.storyboard;
			sourceTree = "<group>";
		};
		48F9473E26301E1500CE6492 /* LaunchScreen.storyboard */ = {
			isa = PBXVariantGroup;
			children = (
				48F9473F26301E1500CE6492 /* Base */,
			);
			name = LaunchScreen.storyboard;
			sourceTree = "<group>";
		};
/* End PBXVariantGroup section */

/* Begin XCBuildConfiguration section */
		48F9474226301E1500CE6492 /* Debug */ = {
			isa = XCBuildConfiguration;
			buildSettings = {
				ALWAYS_SEARCH_USER_PATHS = NO;
				CLANG_ANALYZER_NONNULL = YES;
				CLANG_ANALYZER_NUMBER_OBJECT_CONVERSION = YES_AGGRESSIVE;
				CLANG_CXX_LANGUAGE_STANDARD = "gnu++14";
				CLANG_CXX_LIBRARY = "libc++";
				CLANG_ENABLE_MODULES = YES;
				CLANG_ENABLE_OBJC_ARC = YES;
				CLANG_ENABLE_OBJC_WEAK = YES;
				CLANG_WARN_BLOCK_CAPTURE_AUTORELEASING = YES;
				CLANG_WARN_BOOL_CONVERSION = YES;
				CLANG_WARN_COMMA = YES;
				CLANG_WARN_CONSTANT_CONVERSION = YES;
				CLANG_WARN_DEPRECATED_OBJC_IMPLEMENTATIONS = YES;
				CLANG_WARN_DIRECT_OBJC_ISA_USAGE = YES_ERROR;
				CLANG_WARN_DOCUMENTATION_COMMENTS = YES;
				CLANG_WARN_EMPTY_BODY = YES;
				CLANG_WARN_ENUM_CONVERSION = YES;
				CLANG_WARN_INFINITE_RECURSION = YES;
				CLANG_WARN_INT_CONVERSION = YES;
				CLANG_WARN_NON_LITERAL_NULL_CONVERSION = YES;
				CLANG_WARN_OBJC_IMPLICIT_RETAIN_SELF = YES;
				CLANG_WARN_OBJC_LITERAL_CONVERSION = YES;
				CLANG_WARN_OBJC_ROOT_CLASS = YES_ERROR;
				CLANG_WARN_QUOTED_INCLUDE_IN_FRAMEWORK_HEADER = YES;
				CLANG_WARN_RANGE_LOOP_ANALYSIS = YES;
				CLANG_WARN_STRICT_PROTOTYPES = YES;
				CLANG_WARN_SUSPICIOUS_MOVE = YES;
				CLANG_WARN_UNGUARDED_AVAILABILITY = YES_AGGRESSIVE;
				CLANG_WARN_UNREACHABLE_CODE = YES;
				CLANG_WARN__DUPLICATE_METHOD_MATCH = YES;
				COPY_PHASE_STRIP = NO;
				DEBUG_INFORMATION_FORMAT = dwarf;
				ENABLE_STRICT_OBJC_MSGSEND = YES;
				ENABLE_TESTABILITY = YES;
				GCC_C_LANGUAGE_STANDARD = gnu11;
				GCC_DYNAMIC_NO_PIC = NO;
				GCC_NO_COMMON_BLOCKS = YES;
				GCC_OPTIMIZATION_LEVEL = 0;
				GCC_PREPROCESSOR_DEFINITIONS = (
					"DEBUG=1",
					"$(inherited)",
				);
				GCC_WARN_64_TO_32_BIT_CONVERSION = YES;
				GCC_WARN_ABOUT_RETURN_TYPE = YES_ERROR;
				GCC_WARN_UNDECLARED_SELECTOR = YES;
				GCC_WARN_UNINITIALIZED_AUTOS = YES_AGGRESSIVE;
				GCC_WARN_UNUSED_FUNCTION = YES;
				GCC_WARN_UNUSED_VARIABLE = YES;
				IPHONEOS_DEPLOYMENT_TARGET = 14.4;
				MTL_ENABLE_DEBUG_INFO = INCLUDE_SOURCE;
				MTL_FAST_MATH = YES;
				ONLY_ACTIVE_ARCH = YES;
				SDKROOT = iphoneos;
				SWIFT_ACTIVE_COMPILATION_CONDITIONS = DEBUG;
				SWIFT_OPTIMIZATION_LEVEL = "-Onone";
			};
			name = Debug;
		};
		48F9474326301E1500CE6492 /* Release */ = {
			isa = XCBuildConfiguration;
			buildSettings = {
				ALWAYS_SEARCH_USER_PATHS = NO;
				CLANG_ANALYZER_NONNULL = YES;
				CLANG_ANALYZER_NUMBER_OBJECT_CONVERSION = YES_AGGRESSIVE;
				CLANG_CXX_LANGUAGE_STANDARD = "gnu++14";
				CLANG_CXX_LIBRARY = "libc++";
				CLANG_ENABLE_MODULES = YES;
				CLANG_ENABLE_OBJC_ARC = YES;
				CLANG_ENABLE_OBJC_WEAK = YES;
				CLANG_WARN_BLOCK_CAPTURE_AUTORELEASING = YES;
				CLANG_WARN_BOOL_CONVERSION = YES;
				CLANG_WARN_COMMA = YES;
				CLANG_WARN_CONSTANT_CONVERSION = YES;
				CLANG_WARN_DEPRECATED_OBJC_IMPLEMENTATIONS = YES;
				CLANG_WARN_DIRECT_OBJC_ISA_USAGE = YES_ERROR;
				CLANG_WARN_DOCUMENTATION_COMMENTS = YES;
				CLANG_WARN_EMPTY_BODY = YES;
				CLANG_WARN_ENUM_CONVERSION = YES;
				CLANG_WARN_INFINITE_RECURSION = YES;
				CLANG_WARN_INT_CONVERSION = YES;
				CLANG_WARN_NON_LITERAL_NULL_CONVERSION = YES;
				CLANG_WARN_OBJC_IMPLICIT_RETAIN_SELF = YES;
				CLANG_WARN_OBJC_LITERAL_CONVERSION = YES;
				CLANG_WARN_OBJC_ROOT_CLASS = YES_ERROR;
				CLANG_WARN_QUOTED_INCLUDE_IN_FRAMEWORK_HEADER = YES;
				CLANG_WARN_RANGE_LOOP_ANALYSIS = YES;
				CLANG_WARN_STRICT_PROTOTYPES = YES;
				CLANG_WARN_SUSPICIOUS_MOVE = YES;
				CLANG_WARN_UNGUARDED_AVAILABILITY = YES_AGGRESSIVE;
				CLANG_WARN_UNREACHABLE_CODE = YES;
				CLANG_WARN__DUPLICATE_METHOD_MATCH = YES;
				COPY_PHASE_STRIP = NO;
				DEBUG_INFORMATION_FORMAT = "dwarf-with-dsym";
				ENABLE_NS_ASSERTIONS = NO;
				ENABLE_STRICT_OBJC_MSGSEND = YES;
				GCC_C_LANGUAGE_STANDARD = gnu11;
				GCC_NO_COMMON_BLOCKS = YES;
				GCC_WARN_64_TO_32_BIT_CONVERSION = YES;
				GCC_WARN_ABOUT_RETURN_TYPE = YES_ERROR;
				GCC_WARN_UNDECLARED_SELECTOR = YES;
				GCC_WARN_UNINITIALIZED_AUTOS = YES_AGGRESSIVE;
				GCC_WARN_UNUSED_FUNCTION = YES;
				GCC_WARN_UNUSED_VARIABLE = YES;
				IPHONEOS_DEPLOYMENT_TARGET = 14.4;
				MTL_ENABLE_DEBUG_INFO = NO;
				MTL_FAST_MATH = YES;
				SDKROOT = iphoneos;
				SWIFT_COMPILATION_MODE = wholemodule;
				SWIFT_OPTIMIZATION_LEVEL = "-O";
				VALIDATE_PRODUCT = YES;
			};
			name = Release;
		};
		48F9474526301E1500CE6492 /* Debug */ = {
			isa = XCBuildConfiguration;
			buildSettings = {
				ASSETCATALOG_COMPILER_APPICON_NAME = AppIcon;
				ASSETCATALOG_COMPILER_GLOBAL_ACCENT_COLOR_NAME = AccentColor;
				CODE_SIGN_STYLE = Automatic;
				DEVELOPMENT_TEAM = 4X6S462S4Q;
				INFOPLIST_FILE = NasaData/Info.plist;
				LD_RUNPATH_SEARCH_PATHS = (
					"$(inherited)",
					"@executable_path/Frameworks",
				);
				PRODUCT_BUNDLE_IDENTIFIER = yacheng.NasaData;
				PRODUCT_NAME = "$(TARGET_NAME)";
				SWIFT_VERSION = 5.0;
				TARGETED_DEVICE_FAMILY = "1,2";
			};
			name = Debug;
		};
		48F9474626301E1500CE6492 /* Release */ = {
			isa = XCBuildConfiguration;
			buildSettings = {
				ASSETCATALOG_COMPILER_APPICON_NAME = AppIcon;
				ASSETCATALOG_COMPILER_GLOBAL_ACCENT_COLOR_NAME = AccentColor;
				CODE_SIGN_STYLE = Automatic;
				DEVELOPMENT_TEAM = 4X6S462S4Q;
				INFOPLIST_FILE = NasaData/Info.plist;
				LD_RUNPATH_SEARCH_PATHS = (
					"$(inherited)",
					"@executable_path/Frameworks",
				);
				PRODUCT_BUNDLE_IDENTIFIER = yacheng.NasaData;
				PRODUCT_NAME = "$(TARGET_NAME)";
				SWIFT_VERSION = 5.0;
				TARGETED_DEVICE_FAMILY = "1,2";
			};
			name = Release;
		};
/* End XCBuildConfiguration section */

/* Begin XCConfigurationList section */
		48F9472826301E1300CE6492 /* Build configuration list for PBXProject "NasaData" */ = {
			isa = XCConfigurationList;
			buildConfigurations = (
				48F9474226301E1500CE6492 /* Debug */,
				48F9474326301E1500CE6492 /* Release */,
			);
			defaultConfigurationIsVisible = 0;
			defaultConfigurationName = Release;
		};
		48F9474426301E1500CE6492 /* Build configuration list for PBXNativeTarget "NasaData" */ = {
			isa = XCConfigurationList;
			buildConfigurations = (
				48F9474526301E1500CE6492 /* Debug */,
				48F9474626301E1500CE6492 /* Release */,
			);
			defaultConfigurationIsVisible = 0;
			defaultConfigurationName = Release;
		};
/* End XCConfigurationList section */

/* Begin XCVersionGroup section */
		48F9473926301E1300CE6492 /* NasaData.xcdatamodeld */ = {
			isa = XCVersionGroup;
			children = (
				48F9473A26301E1300CE6492 /* NasaData.xcdatamodel */,
			);
			currentVersion = 48F9473A26301E1300CE6492 /* NasaData.xcdatamodel */;
			path = NasaData.xcdatamodeld;
			sourceTree = "<group>";
			versionGroupType = wrapper.xcdatamodel;
		};
/* End XCVersionGroup section */
	};
	rootObject = 48F9472526301E1300CE6492 /* Project object */;
}
